
Microsoft Visual Studio Solution File, Format Version 12.00
# Visual Studio 15
VisualStudioVersion = 15.0.27703.2042
MinimumVisualStudioVersion = 10.0.40219.1
Project("{8BC9CEB8-8B4A-11D0-8D11-00A0C91BC942}") = "libjpegdemo", "libjpegdemo\libjpegdemo.vcxproj", "{DDD8D9A9-82AE-4328-B044-E18C2E59A89F}"
EndProject
Global
	GlobalSection(SolutionConfigurationPlatforms) = preSolution
		Debug|x64 = Debug|x64
		Debug|x86 = Debug|x86
		Release|x64 = Release|x64
		Release|x86 = Release|x86
	EndGlobalSection
	GlobalSection(ProjectConfigurationPlatforms) = postSolution
		{DDD8D9A9-82AE-4328-B044-E18C2E59A89F}.Debug|x64.ActiveCfg = Debug|x64
		{DDD8D9A9-82AE-4328-B044-E18C2E59A89F}.Debug|x64.Build.0 = Debug|x64
		{DDD8D9A9-82AE-4328-B044-E18C2E59A89F}.Debug|x86.ActiveCfg = Debug|Win32
		{DDD8D9A9-82AE-4328-B044-E18C2E59A89F}.Debug|x86.Build.0 = Debug|Win32
		{DDD8D9A9-82AE-4328-B044-E18C2E59A89F}.Release|x64.ActiveCfg = Release|x64
		{DDD8D9A9-82AE-4328-B044-E18C2E59A89F}.Release|x64.Build.0 = Release|x64
		{DDD8D9A9-82AE-4328-B044-E18C2E59A89F}.Release|x86.ActiveCfg = Release|Win32
		{DDD8D9A9-82AE-4328-B044-E18C2E59A89F}.Release|x86.Build.0 = Release|Win32
	EndGlobalSection
	GlobalSection(SolutionProperties) = preSolution
		HideSolutionNode = FALSE
	EndGlobalSection
	GlobalSection(ExtensibilityGlobals) = postSolution
		SolutionGuid = {8D96A8EE-6272-4E8D-9601-1DB362FD45BC}
	EndGlobalSection
EndGlobal
